PODS:
  - Alamofire (4.5.0)
  - Locksmith (3.0.0)
  - SwiftyJSON (3.1.4)

DEPENDENCIES:
  - Alamofire
  - Locksmith
  - SwiftyJSON

SPEC CHECKSUMS:
  Alamofire: f28cdffd29de33a7bfa022cbd63ae95a27fae140
  Locksmith: 310b4cc5031af5728bf4db5d4de547a5100c6a3b
  SwiftyJSON: c2842d878f95482ffceec5709abc3d05680c0220

PODFILE CHECKSUM: caba53d37fc8b7eea0e6159491c927c61d0e255f

COCOAPODS: 1.2.1
